PODS:
  - WQBasicModules (0.1.4):
    - WQBasicModules/WQCustomUI (= 0.1.4)
    - WQBasicModules/WQExtensions (= 0.1.4)
    - WQBasicModules/WQHelpTool (= 0.1.4)
  - WQBasicModules/WQCustomUI (0.1.4)
  - WQBasicModules/WQExtensions (0.1.4):
    - WQBasicModules/WQExtensions/WQDateExtensions (= 0.1.4)
    - WQBasicModules/WQExtensions/WQFoundationExtensions (= 0.1.4)
    - WQBasicModules/WQExtensions/WQStringExtensions (= 0.1.4)
    - WQBasicModules/WQExtensions/WQUIKitExtensions (= 0.1.4)
  - WQBasicModules/WQExtensions/WQDateExtensions (0.1.4):
    - WQBasicModules/WQExtensions/WQFoundationExtensions
  - WQBasicModules/WQExtensions/WQFoundationExtensions (0.1.4)
  - WQBasicModules/WQExtensions/WQStringExtensions (0.1.4)
  - WQBasicModules/WQExtensions/WQUIKitExtensions (0.1.4)
  - WQBasicModules/WQHelpTool (0.1.4):
    - WQBasicModules/WQHelpTool/WQJsonCodable (= 0.1.4)
  - WQBasicModules/WQHelpTool/WQJsonCodable (0.1.4)

DEPENDENCIES:
  - WQBasicModules (from `../`)

EXTERNAL SOURCES:
  WQBasicModules:
    :path: "../"

SPEC CHECKSUMS:
  WQBasicModules: 7eb4e6e691ab15321380adaf2451cfb3f6e97d2f

PODFILE CHECKSUM: b41eaa918da1e8dcdebc03e4d8a9c6d2b5cdaa32

COCOAPODS: 1.5.3
