PODS:
  - WQBasicModules (0.1.2):
    - WQBasicModules/WQExtensions (= 0.1.2)
    - WQBasicModules/WQHelpTool (= 0.1.2)
  - WQBasicModules/WQExtensions (0.1.2):
    - WQBasicModules/WQExtensions/WQDateExtensions (= 0.1.2)
    - WQBasicModules/WQExtensions/WQFoundationExtensions (= 0.1.2)
    - WQBasicModules/WQExtensions/WQStringExtensions (= 0.1.2)
    - WQBasicModules/WQExtensions/WQUIKitExtensions (= 0.1.2)
  - WQBasicModules/WQExtensions/WQDateExtensions (0.1.2):
    - WQBasicModules/WQExtensions/WQFoundationExtensions
  - WQBasicModules/WQExtensions/WQFoundationExtensions (0.1.2)
  - WQBasicModules/WQExtensions/WQStringExtensions (0.1.2)
  - WQBasicModules/WQExtensions/WQUIKitExtensions (0.1.2)
  - WQBasicModules/WQHelpTool (0.1.2):
    - WQBasicModules/WQHelpTool/WQJsonCodable (= 0.1.2)
  - WQBasicModules/WQHelpTool/WQJsonCodable (0.1.2)

DEPENDENCIES:
  - WQBasicModules (from `../`)

EXTERNAL SOURCES:
  WQBasicModules:
    :path: "../"

SPEC CHECKSUMS:
  WQBasicModules: 389b33674b28340fd8676cc0f58537f6246a2e7c

PODFILE CHECKSUM: b41eaa918da1e8dcdebc03e4d8a9c6d2b5cdaa32

COCOAPODS: 1.5.0
