PODS:
  - WQBasicModules (0.2.0):
    - WQBasicModules/WQAnimation (= 0.2.0)
    - WQBasicModules/WQExtensions (= 0.2.0)
    - WQBasicModules/WQHelpTool (= 0.2.0)
    - WQBasicModules/WQUI (= 0.2.0)
  - WQBasicModules/WQAnimation (0.2.0):
    - WQBasicModules/WQAnimation/Layer (= 0.2.0)
    - WQBasicModules/WQAnimation/Views (= 0.2.0)
  - WQBasicModules/WQAnimation/Layer (0.2.0)
  - WQBasicModules/WQAnimation/Views (0.2.0):
    - WQBasicModules/WQAnimation/Layer
  - WQBasicModules/WQExtensions (0.2.0):
    - WQBasicModules/WQExtensions/WQDate (= 0.2.0)
    - WQBasicModules/WQExtensions/WQFoundation (= 0.2.0)
    - WQBasicModules/WQExtensions/WQString (= 0.2.0)
    - WQBasicModules/WQExtensions/WQUIKit (= 0.2.0)
  - WQBasicModules/WQExtensions/WQDate (0.2.0):
    - WQBasicModules/WQExtensions/WQFoundation
  - WQBasicModules/WQExtensions/WQFoundation (0.2.0)
  - WQBasicModules/WQExtensions/WQString (0.2.0)
  - WQBasicModules/WQExtensions/WQUIKit (0.2.0)
  - WQBasicModules/WQHelpTool (0.2.0):
    - WQBasicModules/WQHelpTool/WQCache (= 0.2.0)
    - WQBasicModules/WQHelpTool/WQJsonCodable (= 0.2.0)
  - WQBasicModules/WQHelpTool/WQCache (0.2.0)
  - WQBasicModules/WQHelpTool/WQJsonCodable (0.2.0)
  - WQBasicModules/WQUI (0.2.0):
    - WQBasicModules/WQUI/Custom (= 0.2.0)
    - WQBasicModules/WQUI/FlowLayout (= 0.2.0)
    - WQBasicModules/WQUI/Function (= 0.2.0)
    - WQBasicModules/WQUI/Help (= 0.2.0)
  - WQBasicModules/WQUI/Custom (0.2.0)
  - WQBasicModules/WQUI/FlowLayout (0.2.0)
  - WQBasicModules/WQUI/Function (0.2.0)
  - WQBasicModules/WQUI/Help (0.2.0)

DEPENDENCIES:
  - WQBasicModules (from `../`)

EXTERNAL SOURCES:
  WQBasicModules:
    :path: "../"

SPEC CHECKSUMS:
  WQBasicModules: cec0d6e367d1a9e0e8920705329bd9cb41bf79c6

PODFILE CHECKSUM: 93bffdc84702ba262be540dfa462cd0fc1d634ea

COCOAPODS: 1.6.0.beta.2
